# This file is automatically @generated by Cargo.
# It is not intended for manual editing.
version = 3

[[package]]
name = "any-dns"
version = "0.1.0"
dependencies = [
 "simple-dns",
]

[[package]]
name = "bitflags"
version = "2.4.1"
source = "registry+https://github.com/rust-lang/crates.io-index"
checksum = "327762f6e5a765692301e5bb513e0d9fef63be86bbc14528052b1cd3e6f03e07"

[[package]]
name = "simple-dns"
version = "0.6.0"
source = "registry+https://github.com/rust-lang/crates.io-index"
checksum = "28d0d0b272355cdfd1308ddd5c9f18cd7a62efe866de502767ff61a8e3ec2343"
dependencies = [
 "bitflags",
]
